
Microsoft Visual Studio Solution File, Format Version 12.00
# Visual Studio Version 17
VisualStudioVersion = 17.0.31903.59
MinimumVisualStudioVersion = 10.0.40219.1
Project("{FAE04EC0-301F-11D3-BF4B-00C04F79EFBC}") = "ApexaTechAssess.Api", "ApexaTechAssess.Api\ApexaTechAssess.Api.csproj", "{6A4A11C7-FBF6-4B53-9950-2EADB7D099AD}"
EndProject
Project("{FAE04EC0-301F-11D3-BF4B-00C04F79EFBC}") = "ApexaTechAssessment.Test", "ApexaTechAssessment.Test\ApexaTechAssessment.Test.csproj", "{35B8FE3E-1C14-43F9-8265-56EA8281299E}"
EndProject
Global
	GlobalSection(SolutionConfigurationPlatforms) = preSolution
		Debug|Any CPU = Debug|Any CPU
		Release|Any CPU = Release|Any CPU
	EndGlobalSection
	GlobalSection(SolutionProperties) = preSolution
		HideSolutionNode = FALSE
	EndGlobalSection
	GlobalSection(ProjectConfigurationPlatforms) = postSolution
		{6A4A11C7-FBF6-4B53-9950-2EADB7D099AD}.Debug|Any CPU.ActiveCfg = Debug|Any CPU
		{6A4A11C7-FBF6-4B53-9950-2EADB7D099AD}.Debug|Any CPU.Build.0 = Debug|Any CPU
		{6A4A11C7-FBF6-4B53-9950-2EADB7D099AD}.Release|Any CPU.ActiveCfg = Release|Any CPU
		{6A4A11C7-FBF6-4B53-9950-2EADB7D099AD}.Release|Any CPU.Build.0 = Release|Any CPU
		{35B8FE3E-1C14-43F9-8265-56EA8281299E}.Debug|Any CPU.ActiveCfg = Debug|Any CPU
		{35B8FE3E-1C14-43F9-8265-56EA8281299E}.Debug|Any CPU.Build.0 = Debug|Any CPU
		{35B8FE3E-1C14-43F9-8265-56EA8281299E}.Release|Any CPU.ActiveCfg = Release|Any CPU
		{35B8FE3E-1C14-43F9-8265-56EA8281299E}.Release|Any CPU.Build.0 = Release|Any CPU
	EndGlobalSection
EndGlobal
